
Microsoft Visual Studio Solution File, Format Version 12.00
# Visual Studio Version 16
VisualStudioVersion = 16.0.32002.261
MinimumVisualStudioVersion = 10.0.40219.1
Project("{8BC9CEB8-8B4A-11D0-8D11-00A0C91BC942}") = "Intermediate_Tutorials", "Intermediate_Tutorials.vcxproj", "{F82E518F-141C-4C4B-86C0-C3D28D35AD64}"
EndProject
Project("{8BC9CEB8-8B4A-11D0-8D11-00A0C91BC942}") = "C_Strings", "C_Strings\C_Strings.vcxproj", "{9F28B85D-1BB7-4DA6-8EB8-CE606627CC9F}"
EndProject
Global
	GlobalSection(SolutionConfigurationPlatforms) = preSolution
		Debug|x64 = Debug|x64
		Debug|x86 = Debug|x86
		Release|x64 = Release|x64
		Release|x86 = Release|x86
	EndGlobalSection
	GlobalSection(ProjectConfigurationPlatforms) = postSolution
		{F82E518F-141C-4C4B-86C0-C3D28D35AD64}.Debug|x64.ActiveCfg = Debug|x64
		{F82E518F-141C-4C4B-86C0-C3D28D35AD64}.Debug|x64.Build.0 = Debug|x64
		{F82E518F-141C-4C4B-86C0-C3D28D35AD64}.Debug|x86.ActiveCfg = Debug|Win32
		{F82E518F-141C-4C4B-86C0-C3D28D35AD64}.Debug|x86.Build.0 = Debug|Win32
		{F82E518F-141C-4C4B-86C0-C3D28D35AD64}.Release|x64.ActiveCfg = Release|x64
		{F82E518F-141C-4C4B-86C0-C3D28D35AD64}.Release|x64.Build.0 = Release|x64
		{F82E518F-141C-4C4B-86C0-C3D28D35AD64}.Release|x86.ActiveCfg = Release|Win32
		{F82E518F-141C-4C4B-86C0-C3D28D35AD64}.Release|x86.Build.0 = Release|Win32
		{9F28B85D-1BB7-4DA6-8EB8-CE606627CC9F}.Debug|x64.ActiveCfg = Debug|x64
		{9F28B85D-1BB7-4DA6-8EB8-CE606627CC9F}.Debug|x64.Build.0 = Debug|x64
		{9F28B85D-1BB7-4DA6-8EB8-CE606627CC9F}.Debug|x86.ActiveCfg = Debug|Win32
		{9F28B85D-1BB7-4DA6-8EB8-CE606627CC9F}.Debug|x86.Build.0 = Debug|Win32
		{9F28B85D-1BB7-4DA6-8EB8-CE606627CC9F}.Release|x64.ActiveCfg = Release|x64
		{9F28B85D-1BB7-4DA6-8EB8-CE606627CC9F}.Release|x64.Build.0 = Release|x64
		{9F28B85D-1BB7-4DA6-8EB8-CE606627CC9F}.Release|x86.ActiveCfg = Release|Win32
		{9F28B85D-1BB7-4DA6-8EB8-CE606627CC9F}.Release|x86.Build.0 = Release|Win32
	EndGlobalSection
	GlobalSection(SolutionProperties) = preSolution
		HideSolutionNode = FALSE
	EndGlobalSection
	GlobalSection(ExtensibilityGlobals) = postSolution
		SolutionGuid = {47CE87F6-6621-44E7-9988-88AD0E26E198}
	EndGlobalSection
EndGlobal
